
Microsoft Visual Studio Solution File, Format Version 12.00
# Visual Studio 2012
Project("{FAE04EC0-301F-11D3-BF4B-00C04F79EFBC}") = "BasicsWindows", "Basics\BasicsWindows\BasicsWindows.csproj", "{57D12D9D-3D8A-49F6-8CBB-881096D866DF}"
EndProject
Project("{FAE04EC0-301F-11D3-BF4B-00C04F79EFBC}") = "BasicsContent", "Basics\BasicsContent\BasicsContent\BasicsContent.csproj", "{ED12250F-570B-4BB1-88DB-9811A38AD701}"
EndProject
Project("{FAE04EC0-301F-11D3-BF4B-00C04F79EFBC}") = "BasicsContentContent", "Basics\BasicsContent\BasicsContentContent\BasicsContentContent.contentproj", "{4A2C7151-D0E1-4AB6-ADE6-E881AB695485}"
EndProject
Project("{FAE04EC0-301F-11D3-BF4B-00C04F79EFBC}") = "GreenXNA", "..\Source\GreenXNA\GreenXNA.csproj", "{C434DA75-BD28-48B7-A4B0-4AB81801A47B}"
EndProject
Project("{FAE04EC0-301F-11D3-BF4B-00C04F79EFBC}") = "GreenLib", "..\Source\GreenLib\GreenLib.csproj", "{07140FA6-0F01-4BD4-BCDF-A77FB8B2D4C7}"
EndProject
Global
	GlobalSection(SolutionConfigurationPlatforms) = preSolution
		Android|Any CPU = Android|Any CPU
		Android|Mixed Platforms = Android|Mixed Platforms
		Android|Win32 = Android|Win32
		Android|x86 = Android|x86
		Debug|Any CPU = Debug|Any CPU
		Debug|Mixed Platforms = Debug|Mixed Platforms
		Debug|Win32 = Debug|Win32
		Debug|x86 = Debug|x86
		iOS|Any CPU = iOS|Any CPU
		iOS|Mixed Platforms = iOS|Mixed Platforms
		iOS|Win32 = iOS|Win32
		iOS|x86 = iOS|x86
		Linux|Any CPU = Linux|Any CPU
		Linux|Mixed Platforms = Linux|Mixed Platforms
		Linux|Win32 = Linux|Win32
		Linux|x86 = Linux|x86
		OSX|Any CPU = OSX|Any CPU
		OSX|Mixed Platforms = OSX|Mixed Platforms
		OSX|Win32 = OSX|Win32
		OSX|x86 = OSX|x86
		PSM|Any CPU = PSM|Any CPU
		PSM|Mixed Platforms = PSM|Mixed Platforms
		PSM|Win32 = PSM|Win32
		PSM|x86 = PSM|x86
		Release|Any CPU = Release|Any CPU
		Release|Mixed Platforms = Release|Mixed Platforms
		Release|Win32 = Release|Win32
		Release|x86 = Release|x86
		Windows|Any CPU = Windows|Any CPU
		Windows|Mixed Platforms = Windows|Mixed Platforms
		Windows|Win32 = Windows|Win32
		Windows|x86 = Windows|x86
		Windows8|Any CPU = Windows8|Any CPU
		Windows8|Mixed Platforms = Windows8|Mixed Platforms
		Windows8|Win32 = Windows8|Win32
		Windows8|x86 = Windows8|x86
	EndGlobalSection
	GlobalSection(ProjectConfigurationPlatforms) = postSolution
		{57D12D9D-3D8A-49F6-8CBB-881096D866DF}.Android|Any CPU.ActiveCfg = Release|x86
		{57D12D9D-3D8A-49F6-8CBB-881096D866DF}.Android|Mixed Platforms.ActiveCfg = Release|x86
		{57D12D9D-3D8A-49F6-8CBB-881096D866DF}.Android|Mixed Platforms.Build.0 = Release|x86
		{57D12D9D-3D8A-49F6-8CBB-881096D866DF}.Android|Win32.ActiveCfg = Release|x86
		{57D12D9D-3D8A-49F6-8CBB-881096D866DF}.Android|Win32.Build.0 = Release|x86
		{57D12D9D-3D8A-49F6-8CBB-881096D866DF}.Android|x86.ActiveCfg = Release|x86
		{57D12D9D-3D8A-49F6-8CBB-881096D866DF}.Android|x86.Build.0 = Release|x86
		{57D12D9D-3D8A-49F6-8CBB-881096D866DF}.Debug|Any CPU.ActiveCfg = Debug|x86
		{57D12D9D-3D8A-49F6-8CBB-881096D866DF}.Debug|Mixed Platforms.ActiveCfg = Debug|x86
		{57D12D9D-3D8A-49F6-8CBB-881096D866DF}.Debug|Mixed Platforms.Build.0 = Debug|x86
		{57D12D9D-3D8A-49F6-8CBB-881096D866DF}.Debug|Win32.ActiveCfg = Debug|x86
		{57D12D9D-3D8A-49F6-8CBB-881096D866DF}.Debug|Win32.Build.0 = Debug|x86
		{57D12D9D-3D8A-49F6-8CBB-881096D866DF}.Debug|x86.ActiveCfg = Debug|x86
		{57D12D9D-3D8A-49F6-8CBB-881096D866DF}.Debug|x86.Build.0 = Debug|x86
		{57D12D9D-3D8A-49F6-8CBB-881096D866DF}.iOS|Any CPU.ActiveCfg = Release|x86
		{57D12D9D-3D8A-49F6-8CBB-881096D866DF}.iOS|Mixed Platforms.ActiveCfg = Release|x86
		{57D12D9D-3D8A-49F6-8CBB-881096D866DF}.iOS|Mixed Platforms.Build.0 = Release|x86
		{57D12D9D-3D8A-49F6-8CBB-881096D866DF}.iOS|Win32.ActiveCfg = Release|x86
		{57D12D9D-3D8A-49F6-8CBB-881096D866DF}.iOS|Win32.Build.0 = Release|x86
		{57D12D9D-3D8A-49F6-8CBB-881096D866DF}.iOS|x86.ActiveCfg = Release|x86
		{57D12D9D-3D8A-49F6-8CBB-881096D866DF}.iOS|x86.Build.0 = Release|x86
		{57D12D9D-3D8A-49F6-8CBB-881096D866DF}.Linux|Any CPU.ActiveCfg = Release|x86
		{57D12D9D-3D8A-49F6-8CBB-881096D866DF}.Linux|Mixed Platforms.ActiveCfg = Release|x86
		{57D12D9D-3D8A-49F6-8CBB-881096D866DF}.Linux|Mixed Platforms.Build.0 = Release|x86
		{57D12D9D-3D8A-49F6-8CBB-881096D866DF}.Linux|Win32.ActiveCfg = Release|x86
		{57D12D9D-3D8A-49F6-8CBB-881096D866DF}.Linux|Win32.Build.0 = Release|x86
		{57D12D9D-3D8A-49F6-8CBB-881096D866DF}.Linux|x86.ActiveCfg = Release|x86
		{57D12D9D-3D8A-49F6-8CBB-881096D866DF}.Linux|x86.Build.0 = Release|x86
		{57D12D9D-3D8A-49F6-8CBB-881096D866DF}.OSX|Any CPU.ActiveCfg = Release|x86
		{57D12D9D-3D8A-49F6-8CBB-881096D866DF}.OSX|Mixed Platforms.ActiveCfg = Release|x86
		{57D12D9D-3D8A-49F6-8CBB-881096D866DF}.OSX|Mixed Platforms.Build.0 = Release|x86
		{57D12D9D-3D8A-49F6-8CBB-881096D866DF}.OSX|Win32.ActiveCfg = Release|x86
		{57D12D9D-3D8A-49F6-8CBB-881096D866DF}.OSX|Win32.Build.0 = Release|x86
		{57D12D9D-3D8A-49F6-8CBB-881096D866DF}.OSX|x86.ActiveCfg = Release|x86
		{57D12D9D-3D8A-49F6-8CBB-881096D866DF}.OSX|x86.Build.0 = Release|x86
		{57D12D9D-3D8A-49F6-8CBB-881096D866DF}.PSM|Any CPU.ActiveCfg = Release|x86
		{57D12D9D-3D8A-49F6-8CBB-881096D866DF}.PSM|Mixed Platforms.ActiveCfg = Release|x86
		{57D12D9D-3D8A-49F6-8CBB-881096D866DF}.PSM|Mixed Platforms.Build.0 = Release|x86
		{57D12D9D-3D8A-49F6-8CBB-881096D866DF}.PSM|Win32.ActiveCfg = Release|x86
		{57D12D9D-3D8A-49F6-8CBB-881096D866DF}.PSM|Win32.Build.0 = Release|x86
		{57D12D9D-3D8A-49F6-8CBB-881096D866DF}.PSM|x86.ActiveCfg = Release|x86
		{57D12D9D-3D8A-49F6-8CBB-881096D866DF}.PSM|x86.Build.0 = Release|x86
		{57D12D9D-3D8A-49F6-8CBB-881096D866DF}.Release|Any CPU.ActiveCfg = Release|x86
		{57D12D9D-3D8A-49F6-8CBB-881096D866DF}.Release|Mixed Platforms.ActiveCfg = Release|x86
		{57D12D9D-3D8A-49F6-8CBB-881096D866DF}.Release|Mixed Platforms.Build.0 = Release|x86
		{57D12D9D-3D8A-49F6-8CBB-881096D866DF}.Release|Win32.ActiveCfg = Release|x86
		{57D12D9D-3D8A-49F6-8CBB-881096D866DF}.Release|Win32.Build.0 = Release|x86
		{57D12D9D-3D8A-49F6-8CBB-881096D866DF}.Release|x86.ActiveCfg = Release|x86
		{57D12D9D-3D8A-49F6-8CBB-881096D866DF}.Release|x86.Build.0 = Release|x86
		{57D12D9D-3D8A-49F6-8CBB-881096D866DF}.Windows|Any CPU.ActiveCfg = Release|x86
		{57D12D9D-3D8A-49F6-8CBB-881096D866DF}.Windows|Mixed Platforms.ActiveCfg = Release|x86
		{57D12D9D-3D8A-49F6-8CBB-881096D866DF}.Windows|Mixed Platforms.Build.0 = Release|x86
		{57D12D9D-3D8A-49F6-8CBB-881096D866DF}.Windows|Win32.ActiveCfg = Release|x86
		{57D12D9D-3D8A-49F6-8CBB-881096D866DF}.Windows|Win32.Build.0 = Release|x86
		{57D12D9D-3D8A-49F6-8CBB-881096D866DF}.Windows|x86.ActiveCfg = Release|x86
		{57D12D9D-3D8A-49F6-8CBB-881096D866DF}.Windows|x86.Build.0 = Release|x86
		{57D12D9D-3D8A-49F6-8CBB-881096D866DF}.Windows8|Any CPU.ActiveCfg = Release|x86
		{57D12D9D-3D8A-49F6-8CBB-881096D866DF}.Windows8|Mixed Platforms.ActiveCfg = Release|x86
		{57D12D9D-3D8A-49F6-8CBB-881096D866DF}.Windows8|Mixed Platforms.Build.0 = Release|x86
		{57D12D9D-3D8A-49F6-8CBB-881096D866DF}.Windows8|Win32.ActiveCfg = Release|x86
		{57D12D9D-3D8A-49F6-8CBB-881096D866DF}.Windows8|Win32.Build.0 = Release|x86
		{57D12D9D-3D8A-49F6-8CBB-881096D866DF}.Windows8|x86.ActiveCfg = Release|x86
		{57D12D9D-3D8A-49F6-8CBB-881096D866DF}.Windows8|x86.Build.0 = Release|x86
		{ED12250F-570B-4BB1-88DB-9811A38AD701}.Android|Any CPU.ActiveCfg = Android|Any CPU
		{ED12250F-570B-4BB1-88DB-9811A38AD701}.Android|Any CPU.Build.0 = Android|Any CPU
		{ED12250F-570B-4BB1-88DB-9811A38AD701}.Android|Mixed Platforms.ActiveCfg = Android|Any CPU
		{ED12250F-570B-4BB1-88DB-9811A38AD701}.Android|Mixed Platforms.Build.0 = Android|Any CPU
		{ED12250F-570B-4BB1-88DB-9811A38AD701}.Android|Win32.ActiveCfg = Android|Any CPU
		{ED12250F-570B-4BB1-88DB-9811A38AD701}.Android|x86.ActiveCfg = Android|Any CPU
		{ED12250F-570B-4BB1-88DB-9811A38AD701}.Debug|Any CPU.ActiveCfg = PSM|Any CPU
		{ED12250F-570B-4BB1-88DB-9811A38AD701}.Debug|Any CPU.Build.0 = PSM|Any CPU
		{ED12250F-570B-4BB1-88DB-9811A38AD701}.Debug|Mixed Platforms.ActiveCfg = PSM|Any CPU
		{ED12250F-570B-4BB1-88DB-9811A38AD701}.Debug|Mixed Platforms.Build.0 = PSM|Any CPU
		{ED12250F-570B-4BB1-88DB-9811A38AD701}.Debug|Win32.ActiveCfg = PSM|Any CPU
		{ED12250F-570B-4BB1-88DB-9811A38AD701}.Debug|x86.ActiveCfg = PSM|Any CPU
		{ED12250F-570B-4BB1-88DB-9811A38AD701}.iOS|Any CPU.ActiveCfg = iOS|Any CPU
		{ED12250F-570B-4BB1-88DB-9811A38AD701}.iOS|Any CPU.Build.0 = iOS|Any CPU
		{ED12250F-570B-4BB1-88DB-9811A38AD701}.iOS|Mixed Platforms.ActiveCfg = iOS|Any CPU
		{ED12250F-570B-4BB1-88DB-9811A38AD701}.iOS|Mixed Platforms.Build.0 = iOS|Any CPU
		{ED12250F-570B-4BB1-88DB-9811A38AD701}.iOS|Win32.ActiveCfg = iOS|Any CPU
		{ED12250F-570B-4BB1-88DB-9811A38AD701}.iOS|x86.ActiveCfg = iOS|Any CPU
		{ED12250F-570B-4BB1-88DB-9811A38AD701}.Linux|Any CPU.ActiveCfg = Linux|Any CPU
		{ED12250F-570B-4BB1-88DB-9811A38AD701}.Linux|Any CPU.Build.0 = Linux|Any CPU
		{ED12250F-570B-4BB1-88DB-9811A38AD701}.Linux|Mixed Platforms.ActiveCfg = Linux|Any CPU
		{ED12250F-570B-4BB1-88DB-9811A38AD701}.Linux|Mixed Platforms.Build.0 = Linux|Any CPU
		{ED12250F-570B-4BB1-88DB-9811A38AD701}.Linux|Win32.ActiveCfg = Linux|Any CPU
		{ED12250F-570B-4BB1-88DB-9811A38AD701}.Linux|x86.ActiveCfg = Linux|Any CPU
		{ED12250F-570B-4BB1-88DB-9811A38AD701}.OSX|Any CPU.ActiveCfg = OSX|Any CPU
		{ED12250F-570B-4BB1-88DB-9811A38AD701}.OSX|Any CPU.Build.0 = OSX|Any CPU
		{ED12250F-570B-4BB1-88DB-9811A38AD701}.OSX|Mixed Platforms.ActiveCfg = OSX|Any CPU
		{ED12250F-570B-4BB1-88DB-9811A38AD701}.OSX|Mixed Platforms.Build.0 = OSX|Any CPU
		{ED12250F-570B-4BB1-88DB-9811A38AD701}.OSX|Win32.ActiveCfg = OSX|Any CPU
		{ED12250F-570B-4BB1-88DB-9811A38AD701}.OSX|x86.ActiveCfg = OSX|Any CPU
		{ED12250F-570B-4BB1-88DB-9811A38AD701}.PSM|Any CPU.ActiveCfg = PSM|Any CPU
		{ED12250F-570B-4BB1-88DB-9811A38AD701}.PSM|Any CPU.Build.0 = PSM|Any CPU
		{ED12250F-570B-4BB1-88DB-9811A38AD701}.PSM|Mixed Platforms.ActiveCfg = PSM|Any CPU
		{ED12250F-570B-4BB1-88DB-9811A38AD701}.PSM|Mixed Platforms.Build.0 = PSM|Any CPU
		{ED12250F-570B-4BB1-88DB-9811A38AD701}.PSM|Win32.ActiveCfg = PSM|Any CPU
		{ED12250F-570B-4BB1-88DB-9811A38AD701}.PSM|x86.ActiveCfg = PSM|Any CPU
		{ED12250F-570B-4BB1-88DB-9811A38AD701}.Release|Any CPU.ActiveCfg = PSM|Any CPU
		{ED12250F-570B-4BB1-88DB-9811A38AD701}.Release|Any CPU.Build.0 = PSM|Any CPU
		{ED12250F-570B-4BB1-88DB-9811A38AD701}.Release|Mixed Platforms.ActiveCfg = PSM|Any CPU
		{ED12250F-570B-4BB1-88DB-9811A38AD701}.Release|Mixed Platforms.Build.0 = PSM|Any CPU
		{ED12250F-570B-4BB1-88DB-9811A38AD701}.Release|Win32.ActiveCfg = PSM|Any CPU
		{ED12250F-570B-4BB1-88DB-9811A38AD701}.Release|x86.ActiveCfg = PSM|Any CPU
		{ED12250F-570B-4BB1-88DB-9811A38AD701}.Windows|Any CPU.ActiveCfg = Windows|Any CPU
		{ED12250F-570B-4BB1-88DB-9811A38AD701}.Windows|Any CPU.Build.0 = Windows|Any CPU
		{ED12250F-570B-4BB1-88DB-9811A38AD701}.Windows|Mixed Platforms.ActiveCfg = Windows|Any CPU
		{ED12250F-570B-4BB1-88DB-9811A38AD701}.Windows|Mixed Platforms.Build.0 = Windows|Any CPU
		{ED12250F-570B-4BB1-88DB-9811A38AD701}.Windows|Win32.ActiveCfg = Windows|Any CPU
		{ED12250F-570B-4BB1-88DB-9811A38AD701}.Windows|x86.ActiveCfg = Windows|Any CPU
		{ED12250F-570B-4BB1-88DB-9811A38AD701}.Windows8|Any CPU.ActiveCfg = Windows8|Any CPU
		{ED12250F-570B-4BB1-88DB-9811A38AD701}.Windows8|Any CPU.Build.0 = Windows8|Any CPU
		{ED12250F-570B-4BB1-88DB-9811A38AD701}.Windows8|Mixed Platforms.ActiveCfg = Windows8|Any CPU
		{ED12250F-570B-4BB1-88DB-9811A38AD701}.Windows8|Mixed Platforms.Build.0 = Windows8|Any CPU
		{ED12250F-570B-4BB1-88DB-9811A38AD701}.Windows8|Win32.ActiveCfg = Windows8|Any CPU
		{ED12250F-570B-4BB1-88DB-9811A38AD701}.Windows8|x86.ActiveCfg = Windows8|Any CPU
		{4A2C7151-D0E1-4AB6-ADE6-E881AB695485}.Android|Any CPU.ActiveCfg = Android|Any CPU
		{4A2C7151-D0E1-4AB6-ADE6-E881AB695485}.Android|Mixed Platforms.ActiveCfg = Android|Any CPU
		{4A2C7151-D0E1-4AB6-ADE6-E881AB695485}.Android|Win32.ActiveCfg = Android|Any CPU
		{4A2C7151-D0E1-4AB6-ADE6-E881AB695485}.Android|x86.ActiveCfg = Android|Any CPU
		{4A2C7151-D0E1-4AB6-ADE6-E881AB695485}.Debug|Any CPU.ActiveCfg = PSM|Any CPU
		{4A2C7151-D0E1-4AB6-ADE6-E881AB695485}.Debug|Mixed Platforms.ActiveCfg = PSM|Any CPU
		{4A2C7151-D0E1-4AB6-ADE6-E881AB695485}.Debug|Win32.ActiveCfg = PSM|Any CPU
		{4A2C7151-D0E1-4AB6-ADE6-E881AB695485}.Debug|x86.ActiveCfg = PSM|Any CPU
		{4A2C7151-D0E1-4AB6-ADE6-E881AB695485}.iOS|Any CPU.ActiveCfg = iOS|Any CPU
		{4A2C7151-D0E1-4AB6-ADE6-E881AB695485}.iOS|Mixed Platforms.ActiveCfg = iOS|Any CPU
		{4A2C7151-D0E1-4AB6-ADE6-E881AB695485}.iOS|Win32.ActiveCfg = iOS|Any CPU
		{4A2C7151-D0E1-4AB6-ADE6-E881AB695485}.iOS|x86.ActiveCfg = iOS|Any CPU
		{4A2C7151-D0E1-4AB6-ADE6-E881AB695485}.Linux|Any CPU.ActiveCfg = Linux|Any CPU
		{4A2C7151-D0E1-4AB6-ADE6-E881AB695485}.Linux|Mixed Platforms.ActiveCfg = Linux|Any CPU
		{4A2C7151-D0E1-4AB6-ADE6-E881AB695485}.Linux|Win32.ActiveCfg = Linux|Any CPU
		{4A2C7151-D0E1-4AB6-ADE6-E881AB695485}.Linux|x86.ActiveCfg = Linux|Any CPU
		{4A2C7151-D0E1-4AB6-ADE6-E881AB695485}.OSX|Any CPU.ActiveCfg = OSX|Any CPU
		{4A2C7151-D0E1-4AB6-ADE6-E881AB695485}.OSX|Mixed Platforms.ActiveCfg = OSX|Any CPU
		{4A2C7151-D0E1-4AB6-ADE6-E881AB695485}.OSX|Win32.ActiveCfg = OSX|Any CPU
		{4A2C7151-D0E1-4AB6-ADE6-E881AB695485}.OSX|x86.ActiveCfg = OSX|Any CPU
		{4A2C7151-D0E1-4AB6-ADE6-E881AB695485}.PSM|Any CPU.ActiveCfg = PSM|Any CPU
		{4A2C7151-D0E1-4AB6-ADE6-E881AB695485}.PSM|Mixed Platforms.ActiveCfg = PSM|Any CPU
		{4A2C7151-D0E1-4AB6-ADE6-E881AB695485}.PSM|Win32.ActiveCfg = PSM|Any CPU
		{4A2C7151-D0E1-4AB6-ADE6-E881AB695485}.PSM|x86.ActiveCfg = PSM|Any CPU
		{4A2C7151-D0E1-4AB6-ADE6-E881AB695485}.Release|Any CPU.ActiveCfg = PSM|Any CPU
		{4A2C7151-D0E1-4AB6-ADE6-E881AB695485}.Release|Mixed Platforms.ActiveCfg = PSM|Any CPU
		{4A2C7151-D0E1-4AB6-ADE6-E881AB695485}.Release|Win32.ActiveCfg = PSM|Any CPU
		{4A2C7151-D0E1-4AB6-ADE6-E881AB695485}.Release|x86.ActiveCfg = PSM|Any CPU
		{4A2C7151-D0E1-4AB6-ADE6-E881AB695485}.Windows|Any CPU.ActiveCfg = Windows|Any CPU
		{4A2C7151-D0E1-4AB6-ADE6-E881AB695485}.Windows|Mixed Platforms.ActiveCfg = Windows|Any CPU
		{4A2C7151-D0E1-4AB6-ADE6-E881AB695485}.Windows|Win32.ActiveCfg = Windows|Any CPU
		{4A2C7151-D0E1-4AB6-ADE6-E881AB695485}.Windows|x86.ActiveCfg = Windows|Any CPU
		{4A2C7151-D0E1-4AB6-ADE6-E881AB695485}.Windows8|Any CPU.ActiveCfg = Windows8|Any CPU
		{4A2C7151-D0E1-4AB6-ADE6-E881AB695485}.Windows8|Mixed Platforms.ActiveCfg = Windows8|Any CPU
		{4A2C7151-D0E1-4AB6-ADE6-E881AB695485}.Windows8|Win32.ActiveCfg = Windows8|Any CPU
		{4A2C7151-D0E1-4AB6-ADE6-E881AB695485}.Windows8|x86.ActiveCfg = Windows8|Any CPU
		{C434DA75-BD28-48B7-A4B0-4AB81801A47B}.Android|Any CPU.ActiveCfg = Release|Any CPU
		{C434DA75-BD28-48B7-A4B0-4AB81801A47B}.Android|Any CPU.Build.0 = Release|Any CPU
		{C434DA75-BD28-48B7-A4B0-4AB81801A47B}.Android|Mixed Platforms.ActiveCfg = Release|Any CPU
		{C434DA75-BD28-48B7-A4B0-4AB81801A47B}.Android|Mixed Platforms.Build.0 = Release|Any CPU
		{C434DA75-BD28-48B7-A4B0-4AB81801A47B}.Android|Win32.ActiveCfg = Release|Any CPU
		{C434DA75-BD28-48B7-A4B0-4AB81801A47B}.Android|x86.ActiveCfg = Release|Any CPU
		{C434DA75-BD28-48B7-A4B0-4AB81801A47B}.Debug|Any CPU.ActiveCfg = Debug|Any CPU
		{C434DA75-BD28-48B7-A4B0-4AB81801A47B}.Debug|Any CPU.Build.0 = Debug|Any CPU
		{C434DA75-BD28-48B7-A4B0-4AB81801A47B}.Debug|Mixed Platforms.ActiveCfg = Debug|Any CPU
		{C434DA75-BD28-48B7-A4B0-4AB81801A47B}.Debug|Mixed Platforms.Build.0 = Debug|Any CPU
		{C434DA75-BD28-48B7-A4B0-4AB81801A47B}.Debug|Win32.ActiveCfg = Debug|Any CPU
		{C434DA75-BD28-48B7-A4B0-4AB81801A47B}.Debug|x86.ActiveCfg = Debug|Any CPU
		{C434DA75-BD28-48B7-A4B0-4AB81801A47B}.iOS|Any CPU.ActiveCfg = Release|Any CPU
		{C434DA75-BD28-48B7-A4B0-4AB81801A47B}.iOS|Any CPU.Build.0 = Release|Any CPU
		{C434DA75-BD28-48B7-A4B0-4AB81801A47B}.iOS|Mixed Platforms.ActiveCfg = Release|Any CPU
		{C434DA75-BD28-48B7-A4B0-4AB81801A47B}.iOS|Mixed Platforms.Build.0 = Release|Any CPU
		{C434DA75-BD28-48B7-A4B0-4AB81801A47B}.iOS|Win32.ActiveCfg = Release|Any CPU
		{C434DA75-BD28-48B7-A4B0-4AB81801A47B}.iOS|x86.ActiveCfg = Release|Any CPU
		{C434DA75-BD28-48B7-A4B0-4AB81801A47B}.Linux|Any CPU.ActiveCfg = Release|Any CPU
		{C434DA75-BD28-48B7-A4B0-4AB81801A47B}.Linux|Any CPU.Build.0 = Release|Any CPU
		{C434DA75-BD28-48B7-A4B0-4AB81801A47B}.Linux|Mixed Platforms.ActiveCfg = Release|Any CPU
		{C434DA75-BD28-48B7-A4B0-4AB81801A47B}.Linux|Mixed Platforms.Build.0 = Release|Any CPU
		{C434DA75-BD28-48B7-A4B0-4AB81801A47B}.Linux|Win32.ActiveCfg = Release|Any CPU
		{C434DA75-BD28-48B7-A4B0-4AB81801A47B}.Linux|x86.ActiveCfg = Release|Any CPU
		{C434DA75-BD28-48B7-A4B0-4AB81801A47B}.OSX|Any CPU.ActiveCfg = Release|Any CPU
		{C434DA75-BD28-48B7-A4B0-4AB81801A47B}.OSX|Any CPU.Build.0 = Release|Any CPU
		{C434DA75-BD28-48B7-A4B0-4AB81801A47B}.OSX|Mixed Platforms.ActiveCfg = Release|Any CPU
		{C434DA75-BD28-48B7-A4B0-4AB81801A47B}.OSX|Mixed Platforms.Build.0 = Release|Any CPU
		{C434DA75-BD28-48B7-A4B0-4AB81801A47B}.OSX|Win32.ActiveCfg = Release|Any CPU
		{C434DA75-BD28-48B7-A4B0-4AB81801A47B}.OSX|x86.ActiveCfg = Release|Any CPU
		{C434DA75-BD28-48B7-A4B0-4AB81801A47B}.PSM|Any CPU.ActiveCfg = Release|Any CPU
		{C434DA75-BD28-48B7-A4B0-4AB81801A47B}.PSM|Any CPU.Build.0 = Release|Any CPU
		{C434DA75-BD28-48B7-A4B0-4AB81801A47B}.PSM|Mixed Platforms.ActiveCfg = Release|Any CPU
		{C434DA75-BD28-48B7-A4B0-4AB81801A47B}.PSM|Mixed Platforms.Build.0 = Release|Any CPU
		{C434DA75-BD28-48B7-A4B0-4AB81801A47B}.PSM|Win32.ActiveCfg = Release|Any CPU
		{C434DA75-BD28-48B7-A4B0-4AB81801A47B}.PSM|x86.ActiveCfg = Release|Any CPU
		{C434DA75-BD28-48B7-A4B0-4AB81801A47B}.Release|Any CPU.ActiveCfg = Release|Any CPU
		{C434DA75-BD28-48B7-A4B0-4AB81801A47B}.Release|Any CPU.Build.0 = Release|Any CPU
		{C434DA75-BD28-48B7-A4B0-4AB81801A47B}.Release|Mixed Platforms.ActiveCfg = Release|Any CPU
		{C434DA75-BD28-48B7-A4B0-4AB81801A47B}.Release|Mixed Platforms.Build.0 = Release|Any CPU
		{C434DA75-BD28-48B7-A4B0-4AB81801A47B}.Release|Win32.ActiveCfg = Release|Any CPU
		{C434DA75-BD28-48B7-A4B0-4AB81801A47B}.Release|x86.ActiveCfg = Release|Any CPU
		{C434DA75-BD28-48B7-A4B0-4AB81801A47B}.Windows|Any CPU.ActiveCfg = Release|Any CPU
		{C434DA75-BD28-48B7-A4B0-4AB81801A47B}.Windows|Any CPU.Build.0 = Release|Any CPU
		{C434DA75-BD28-48B7-A4B0-4AB81801A47B}.Windows|Mixed Platforms.ActiveCfg = Release|Any CPU
		{C434DA75-BD28-48B7-A4B0-4AB81801A47B}.Windows|Mixed Platforms.Build.0 = Release|Any CPU
		{C434DA75-BD28-48B7-A4B0-4AB81801A47B}.Windows|Win32.ActiveCfg = Release|Any CPU
		{C434DA75-BD28-48B7-A4B0-4AB81801A47B}.Windows|x86.ActiveCfg = Release|Any CPU
		{C434DA75-BD28-48B7-A4B0-4AB81801A47B}.Windows8|Any CPU.ActiveCfg = Release|Any CPU
		{C434DA75-BD28-48B7-A4B0-4AB81801A47B}.Windows8|Any CPU.Build.0 = Release|Any CPU
		{C434DA75-BD28-48B7-A4B0-4AB81801A47B}.Windows8|Mixed Platforms.ActiveCfg = Release|Any CPU
		{C434DA75-BD28-48B7-A4B0-4AB81801A47B}.Windows8|Mixed Platforms.Build.0 = Release|Any CPU
		{C434DA75-BD28-48B7-A4B0-4AB81801A47B}.Windows8|Win32.ActiveCfg = Release|Any CPU
		{C434DA75-BD28-48B7-A4B0-4AB81801A47B}.Windows8|x86.ActiveCfg = Release|Any CPU
		{07140FA6-0F01-4BD4-BCDF-A77FB8B2D4C7}.Android|Any CPU.ActiveCfg = Release|Any CPU
		{07140FA6-0F01-4BD4-BCDF-A77FB8B2D4C7}.Android|Any CPU.Build.0 = Release|Any CPU
		{07140FA6-0F01-4BD4-BCDF-A77FB8B2D4C7}.Android|Mixed Platforms.ActiveCfg = Release|Any CPU
		{07140FA6-0F01-4BD4-BCDF-A77FB8B2D4C7}.Android|Mixed Platforms.Build.0 = Release|Any CPU
		{07140FA6-0F01-4BD4-BCDF-A77FB8B2D4C7}.Android|Win32.ActiveCfg = Release|Any CPU
		{07140FA6-0F01-4BD4-BCDF-A77FB8B2D4C7}.Android|x86.ActiveCfg = Release|Any CPU
		{07140FA6-0F01-4BD4-BCDF-A77FB8B2D4C7}.Debug|Any CPU.ActiveCfg = Debug|Any CPU
		{07140FA6-0F01-4BD4-BCDF-A77FB8B2D4C7}.Debug|Any CPU.Build.0 = Debug|Any CPU
		{07140FA6-0F01-4BD4-BCDF-A77FB8B2D4C7}.Debug|Mixed Platforms.ActiveCfg = Debug|Any CPU
		{07140FA6-0F01-4BD4-BCDF-A77FB8B2D4C7}.Debug|Mixed Platforms.Build.0 = Debug|Any CPU
		{07140FA6-0F01-4BD4-BCDF-A77FB8B2D4C7}.Debug|Win32.ActiveCfg = Debug|Any CPU
		{07140FA6-0F01-4BD4-BCDF-A77FB8B2D4C7}.Debug|x86.ActiveCfg = Debug|Any CPU
		{07140FA6-0F01-4BD4-BCDF-A77FB8B2D4C7}.iOS|Any CPU.ActiveCfg = Release|Any CPU
		{07140FA6-0F01-4BD4-BCDF-A77FB8B2D4C7}.iOS|Any CPU.Build.0 = Release|Any CPU
		{07140FA6-0F01-4BD4-BCDF-A77FB8B2D4C7}.iOS|Mixed Platforms.ActiveCfg = Release|Any CPU
		{07140FA6-0F01-4BD4-BCDF-A77FB8B2D4C7}.iOS|Mixed Platforms.Build.0 = Release|Any CPU
		{07140FA6-0F01-4BD4-BCDF-A77FB8B2D4C7}.iOS|Win32.ActiveCfg = Release|Any CPU
		{07140FA6-0F01-4BD4-BCDF-A77FB8B2D4C7}.iOS|x86.ActiveCfg = Release|Any CPU
		{07140FA6-0F01-4BD4-BCDF-A77FB8B2D4C7}.Linux|Any CPU.ActiveCfg = Release|Any CPU
		{07140FA6-0F01-4BD4-BCDF-A77FB8B2D4C7}.Linux|Any CPU.Build.0 = Release|Any CPU
		{07140FA6-0F01-4BD4-BCDF-A77FB8B2D4C7}.Linux|Mixed Platforms.ActiveCfg = Release|Any CPU
		{07140FA6-0F01-4BD4-BCDF-A77FB8B2D4C7}.Linux|Mixed Platforms.Build.0 = Release|Any CPU
		{07140FA6-0F01-4BD4-BCDF-A77FB8B2D4C7}.Linux|Win32.ActiveCfg = Release|Any CPU
		{07140FA6-0F01-4BD4-BCDF-A77FB8B2D4C7}.Linux|x86.ActiveCfg = Release|Any CPU
		{07140FA6-0F01-4BD4-BCDF-A77FB8B2D4C7}.OSX|Any CPU.ActiveCfg = Release|Any CPU
		{07140FA6-0F01-4BD4-BCDF-A77FB8B2D4C7}.OSX|Any CPU.Build.0 = Release|Any CPU
		{07140FA6-0F01-4BD4-BCDF-A77FB8B2D4C7}.OSX|Mixed Platforms.ActiveCfg = Release|Any CPU
		{07140FA6-0F01-4BD4-BCDF-A77FB8B2D4C7}.OSX|Mixed Platforms.Build.0 = Release|Any CPU
		{07140FA6-0F01-4BD4-BCDF-A77FB8B2D4C7}.OSX|Win32.ActiveCfg = Release|Any CPU
		{07140FA6-0F01-4BD4-BCDF-A77FB8B2D4C7}.OSX|x86.ActiveCfg = Release|Any CPU
		{07140FA6-0F01-4BD4-BCDF-A77FB8B2D4C7}.PSM|Any CPU.ActiveCfg = Release|Any CPU
		{07140FA6-0F01-4BD4-BCDF-A77FB8B2D4C7}.PSM|Any CPU.Build.0 = Release|Any CPU
		{07140FA6-0F01-4BD4-BCDF-A77FB8B2D4C7}.PSM|Mixed Platforms.ActiveCfg = Release|Any CPU
		{07140FA6-0F01-4BD4-BCDF-A77FB8B2D4C7}.PSM|Mixed Platforms.Build.0 = Release|Any CPU
		{07140FA6-0F01-4BD4-BCDF-A77FB8B2D4C7}.PSM|Win32.ActiveCfg = Release|Any CPU
		{07140FA6-0F01-4BD4-BCDF-A77FB8B2D4C7}.PSM|x86.ActiveCfg = Release|Any CPU
		{07140FA6-0F01-4BD4-BCDF-A77FB8B2D4C7}.Release|Any CPU.ActiveCfg = Release|Any CPU
		{07140FA6-0F01-4BD4-BCDF-A77FB8B2D4C7}.Release|Any CPU.Build.0 = Release|Any CPU
		{07140FA6-0F01-4BD4-BCDF-A77FB8B2D4C7}.Release|Mixed Platforms.ActiveCfg = Release|Any CPU
		{07140FA6-0F01-4BD4-BCDF-A77FB8B2D4C7}.Release|Mixed Platforms.Build.0 = Release|Any CPU
		{07140FA6-0F01-4BD4-BCDF-A77FB8B2D4C7}.Release|Win32.ActiveCfg = Release|Any CPU
		{07140FA6-0F01-4BD4-BCDF-A77FB8B2D4C7}.Release|x86.ActiveCfg = Release|Any CPU
		{07140FA6-0F01-4BD4-BCDF-A77FB8B2D4C7}.Windows|Any CPU.ActiveCfg = Release|Any CPU
		{07140FA6-0F01-4BD4-BCDF-A77FB8B2D4C7}.Windows|Any CPU.Build.0 = Release|Any CPU
		{07140FA6-0F01-4BD4-BCDF-A77FB8B2D4C7}.Windows|Mixed Platforms.ActiveCfg = Release|Any CPU
		{07140FA6-0F01-4BD4-BCDF-A77FB8B2D4C7}.Windows|Mixed Platforms.Build.0 = Release|Any CPU
		{07140FA6-0F01-4BD4-BCDF-A77FB8B2D4C7}.Windows|Win32.ActiveCfg = Release|Any CPU
		{07140FA6-0F01-4BD4-BCDF-A77FB8B2D4C7}.Windows|x86.ActiveCfg = Release|Any CPU
		{07140FA6-0F01-4BD4-BCDF-A77FB8B2D4C7}.Windows8|Any CPU.ActiveCfg = Release|Any CPU
		{07140FA6-0F01-4BD4-BCDF-A77FB8B2D4C7}.Windows8|Any CPU.Build.0 = Release|Any CPU
		{07140FA6-0F01-4BD4-BCDF-A77FB8B2D4C7}.Windows8|Mixed Platforms.ActiveCfg = Release|Any CPU
		{07140FA6-0F01-4BD4-BCDF-A77FB8B2D4C7}.Windows8|Mixed Platforms.Build.0 = Release|Any CPU
		{07140FA6-0F01-4BD4-BCDF-A77FB8B2D4C7}.Windows8|Win32.ActiveCfg = Release|Any CPU
		{07140FA6-0F01-4BD4-BCDF-A77FB8B2D4C7}.Windows8|x86.ActiveCfg = Release|Any CPU
	EndGlobalSection
	GlobalSection(SolutionProperties) = preSolution
		HideSolutionNode = FALSE
	EndGlobalSection
EndGlobal
